
Microsoft Visual Studio Solution File, Format Version 12.00
# Visual Studio Version 16
VisualStudioVersion = 16.0.30907.101
MinimumVisualStudioVersion = 10.0.40219.1
Project("{FAE04EC0-301F-11D3-BF4B-00C04F79EFBC}") = "RestApi", "RestApi.csproj", "{B38D340A-FF5C-467A-9D5A-96AD79BD14A0}"
EndProject
Project("{FAE04EC0-301F-11D3-BF4B-00C04F79EFBC}") = "RestApi2", "..\RestApi2\RestApi2.csproj", "{795CC259-C95C-47D8-ADC3-F654EF4C8472}"
EndProject
Project("{FAE04EC0-301F-11D3-BF4B-00C04F79EFBC}") = "test", "..\test\test.csproj", "{51DB87CC-B7BA-4C88-80E5-A84B23BCF44B}"
EndProject
Global
	GlobalSection(SolutionConfigurationPlatforms) = preSolution
		Debug|Any CPU = Debug|Any CPU
		Release|Any CPU = Release|Any CPU
	EndGlobalSection
	GlobalSection(ProjectConfigurationPlatforms) = postSolution
		{B38D340A-FF5C-467A-9D5A-96AD79BD14A0}.Debug|Any CPU.ActiveCfg = Debug|Any CPU
		{B38D340A-FF5C-467A-9D5A-96AD79BD14A0}.Debug|Any CPU.Build.0 = Debug|Any CPU
		{B38D340A-FF5C-467A-9D5A-96AD79BD14A0}.Release|Any CPU.ActiveCfg = Release|Any CPU
		{B38D340A-FF5C-467A-9D5A-96AD79BD14A0}.Release|Any CPU.Build.0 = Release|Any CPU
		{795CC259-C95C-47D8-ADC3-F654EF4C8472}.Debug|Any CPU.ActiveCfg = Debug|Any CPU
		{795CC259-C95C-47D8-ADC3-F654EF4C8472}.Debug|Any CPU.Build.0 = Debug|Any CPU
		{795CC259-C95C-47D8-ADC3-F654EF4C8472}.Release|Any CPU.ActiveCfg = Release|Any CPU
		{795CC259-C95C-47D8-ADC3-F654EF4C8472}.Release|Any CPU.Build.0 = Release|Any CPU
		{51DB87CC-B7BA-4C88-80E5-A84B23BCF44B}.Debug|Any CPU.ActiveCfg = Debug|Any CPU
		{51DB87CC-B7BA-4C88-80E5-A84B23BCF44B}.Debug|Any CPU.Build.0 = Debug|Any CPU
		{51DB87CC-B7BA-4C88-80E5-A84B23BCF44B}.Release|Any CPU.ActiveCfg = Release|Any CPU
		{51DB87CC-B7BA-4C88-80E5-A84B23BCF44B}.Release|Any CPU.Build.0 = Release|Any CPU
	EndGlobalSection
	GlobalSection(SolutionProperties) = preSolution
		HideSolutionNode = FALSE
	EndGlobalSection
	GlobalSection(ExtensibilityGlobals) = postSolution
		SolutionGuid = {27AE40A1-6B13-4691-B228-7FF72139B667}
	EndGlobalSection
EndGlobal
